
Microsoft Visual Studio Solution File, Format Version 12.00
# Visual Studio Version 17
VisualStudioVersion = 17.8.34525.116
MinimumVisualStudioVersion = 10.0.40219.1
Project("{FAE04EC0-301F-11D3-BF4B-00C04F79EFBC}") = "Math", "Math.csproj", "{D22DFCB3-FC4D-4ED3-B279-DDFFD477CF1E}"
EndProject
Project("{FAE04EC0-301F-11D3-BF4B-00C04F79EFBC}") = "BasicMathsTest", "..\BasicMathsTest\BasicMathsTest.csproj", "{51DCA605-0DD2-4AD0-BB44-85EEEE3BF8C2}"
EndProject
Global
	GlobalSection(SolutionConfigurationPlatforms) = preSolution
		Debug|Any CPU = Debug|Any CPU
		Release|Any CPU = Release|Any CPU
	EndGlobalSection
	GlobalSection(ProjectConfigurationPlatforms) = postSolution
		{D22DFCB3-FC4D-4ED3-B279-DDFFD477CF1E}.Debug|Any CPU.ActiveCfg = Debug|Any CPU
		{D22DFCB3-FC4D-4ED3-B279-DDFFD477CF1E}.Debug|Any CPU.Build.0 = Debug|Any CPU
		{D22DFCB3-FC4D-4ED3-B279-DDFFD477CF1E}.Release|Any CPU.ActiveCfg = Release|Any CPU
		{D22DFCB3-FC4D-4ED3-B279-DDFFD477CF1E}.Release|Any CPU.Build.0 = Release|Any CPU
		{51DCA605-0DD2-4AD0-BB44-85EEEE3BF8C2}.Debug|Any CPU.ActiveCfg = Debug|Any CPU
		{51DCA605-0DD2-4AD0-BB44-85EEEE3BF8C2}.Debug|Any CPU.Build.0 = Debug|Any CPU
		{51DCA605-0DD2-4AD0-BB44-85EEEE3BF8C2}.Release|Any CPU.ActiveCfg = Release|Any CPU
		{51DCA605-0DD2-4AD0-BB44-85EEEE3BF8C2}.Release|Any CPU.Build.0 = Release|Any CPU
	EndGlobalSection
	GlobalSection(SolutionProperties) = preSolution
		HideSolutionNode = FALSE
	EndGlobalSection
	GlobalSection(ExtensibilityGlobals) = postSolution
		SolutionGuid = {0B052CE3-B0B5-4427-98E4-FF42D5F49904}
	EndGlobalSection
EndGlobal
