
Microsoft Visual Studio Solution File, Format Version 12.00
# Visual Studio Version 17
VisualStudioVersion = 17.8.34525.116
MinimumVisualStudioVersion = 10.0.40219.1
Project("{FAE04EC0-301F-11D3-BF4B-00C04F79EFBC}") = "ToDoDatabase", "ToDoDatabase.csproj", "{A9125565-327B-424E-BE64-2053B70B3DF7}"
EndProject
Global
	GlobalSection(SolutionConfigurationPlatforms) = preSolution
		Debug|Any CPU = Debug|Any CPU
		Release|Any CPU = Release|Any CPU
	EndGlobalSection
	GlobalSection(ProjectConfigurationPlatforms) = postSolution
		{A9125565-327B-424E-BE64-2053B70B3DF7}.Debug|Any CPU.ActiveCfg = Debug|Any CPU
		{A9125565-327B-424E-BE64-2053B70B3DF7}.Debug|Any CPU.Build.0 = Debug|Any CPU
		{A9125565-327B-424E-BE64-2053B70B3DF7}.Release|Any CPU.ActiveCfg = Release|Any CPU
		{A9125565-327B-424E-BE64-2053B70B3DF7}.Release|Any CPU.Build.0 = Release|Any CPU
	EndGlobalSection
	GlobalSection(SolutionProperties) = preSolution
		HideSolutionNode = FALSE
	EndGlobalSection
	GlobalSection(ExtensibilityGlobals) = postSolution
		SolutionGuid = {BCD3FFEB-3219-40C3-BFCA-444C19DFA24A}
	EndGlobalSection
EndGlobal
