
Microsoft Visual Studio Solution File, Format Version 12.00
# Visual Studio Version 17
VisualStudioVersion = 17.8.34525.116
MinimumVisualStudioVersion = 10.0.40219.1
Project("{FAE04EC0-301F-11D3-BF4B-00C04F79EFBC}") = "NetworkUtility", "NetworkUtility\NetworkUtility.csproj", "{66E4D277-E482-4097-89A9-7088EA89BBC1}"
EndProject
Project("{FAE04EC0-301F-11D3-BF4B-00C04F79EFBC}") = "NetworkUtility.Tests", "NetworkUtility.Tests\NetworkUtility.Tests.csproj", "{8C3CC088-8D3C-46D2-8FD3-F9A786C9F78D}"
EndProject
Global
	GlobalSection(SolutionConfigurationPlatforms) = preSolution
		Debug|Any CPU = Debug|Any CPU
		Release|Any CPU = Release|Any CPU
	EndGlobalSection
	GlobalSection(ProjectConfigurationPlatforms) = postSolution
		{66E4D277-E482-4097-89A9-7088EA89BBC1}.Debug|Any CPU.ActiveCfg = Debug|Any CPU
		{66E4D277-E482-4097-89A9-7088EA89BBC1}.Debug|Any CPU.Build.0 = Debug|Any CPU
		{66E4D277-E482-4097-89A9-7088EA89BBC1}.Release|Any CPU.ActiveCfg = Release|Any CPU
		{66E4D277-E482-4097-89A9-7088EA89BBC1}.Release|Any CPU.Build.0 = Release|Any CPU
		{8C3CC088-8D3C-46D2-8FD3-F9A786C9F78D}.Debug|Any CPU.ActiveCfg = Debug|Any CPU
		{8C3CC088-8D3C-46D2-8FD3-F9A786C9F78D}.Debug|Any CPU.Build.0 = Debug|Any CPU
		{8C3CC088-8D3C-46D2-8FD3-F9A786C9F78D}.Release|Any CPU.ActiveCfg = Release|Any CPU
		{8C3CC088-8D3C-46D2-8FD3-F9A786C9F78D}.Release|Any CPU.Build.0 = Release|Any CPU
	EndGlobalSection
	GlobalSection(SolutionProperties) = preSolution
		HideSolutionNode = FALSE
	EndGlobalSection
	GlobalSection(ExtensibilityGlobals) = postSolution
		SolutionGuid = {B9613A7D-26C3-4076-B7B2-8C79736C27F3}
	EndGlobalSection
EndGlobal
